// !$*UTF8*$!
{
	archiveVersion = 1;
	classes = {
	};
	objectVersion = 46;
	objects = {

/* Begin PBXBuildFile section */
		162EA6161BBA5BF9001AFBBC /* FetchableDataSource.swift in Sources */ = {isa = PBXBuildFile; fileRef = 162EA6151BBA5BF9001AFBBC /* FetchableDataSource.swift */; settings = {ASSET_TAGS = (); }; };
		1633604D1BBCF652003A6B5D /* Apropos.swift in Sources */ = {isa = PBXBuildFile; fileRef = 1633604C1BBCF652003A6B5D /* Apropos.swift */; settings = {ASSET_TAGS = (); }; };
		1633604F1BBCF867003A6B5D /* AproposExtensions.swift in Sources */ = {isa = PBXBuildFile; fileRef = 1633604E1BBCF867003A6B5D /* AproposExtensions.swift */; settings = {ASSET_TAGS = (); }; };
		1654A2221BBE4D3900623F50 /* ScratchContext.swift in Sources */ = {isa = PBXBuildFile; fileRef = 1654A2211BBE4D3900623F50 /* ScratchContext.swift */; settings = {ASSET_TAGS = (); }; };
		1654A2261BBE622400623F50 /* FetchedDataSource.swift in Sources */ = {isa = PBXBuildFile; fileRef = 162EA6171BBA5C22001AFBBC /* FetchedDataSource.swift */; settings = {ASSET_TAGS = (); }; };
		1654A2291BBE69FE00623F50 /* CrewDetailTableViewController.swift in Sources */ = {isa = PBXBuildFile; fileRef = 1699E97C1BB7992000EDBCF7 /* CrewDetailTableViewController.swift */; settings = {ASSET_TAGS = (); }; };
		1654A22A1BBE6B5D00623F50 /* CrewSelectionTableViewController.swift in Sources */ = {isa = PBXBuildFile; fileRef = 162EA6231BBADE55001AFBBC /* CrewSelectionTableViewController.swift */; settings = {ASSET_TAGS = (); }; };
		1654A22B1BBE6B7700623F50 /* SelectionDataSource.swift in Sources */ = {isa = PBXBuildFile; fileRef = 162EA6211BBAD81D001AFBBC /* SelectionDataSource.swift */; settings = {ASSET_TAGS = (); }; };
		1654A22C1BBE713B00623F50 /* EmptyDetailViewController.swift in Sources */ = {isa = PBXBuildFile; fileRef = 1699E9841BB83C4A00EDBCF7 /* EmptyDetailViewController.swift */; settings = {ASSET_TAGS = (); }; };
		1654A22D1BBE714400623F50 /* MasterTableViewController.swift in Sources */ = {isa = PBXBuildFile; fileRef = 1699E9881BB8871F00EDBCF7 /* MasterTableViewController.swift */; settings = {ASSET_TAGS = (); }; };
		1654A22F1BBE71FE00623F50 /* PartDetailTableViewController.swift in Sources */ = {isa = PBXBuildFile; fileRef = 162EA5F41BB91A62001AFBBC /* PartDetailTableViewController.swift */; settings = {ASSET_TAGS = (); }; };
		1654A2301BBE71FE00623F50 /* PartListTableViewController.swift in Sources */ = {isa = PBXBuildFile; fileRef = 1699E9991BB8FE3800EDBCF7 /* PartListTableViewController.swift */; settings = {ASSET_TAGS = (); }; };
		1654A2311BBE71FE00623F50 /* PartNodeListTableViewController.swift in Sources */ = {isa = PBXBuildFile; fileRef = 1699E99B1BB9030600EDBCF7 /* PartNodeListTableViewController.swift */; settings = {ASSET_TAGS = (); }; };
		1654A2321BBE71FE00623F50 /* VesselDetailTableViewController.swift in Sources */ = {isa = PBXBuildFile; fileRef = 1699E98A1BB8A20300EDBCF7 /* VesselDetailTableViewController.swift */; settings = {ASSET_TAGS = (); }; };
		1699E9571BB6813400EDBCF7 /* VesselTests.swift in Sources */ = {isa = PBXBuildFile; fileRef = 1699E9561BB6813400EDBCF7 /* VesselTests.swift */; settings = {ASSET_TAGS = (); }; };
		1699E9621BB7021C00EDBCF7 /* Station+CoreDataProperties.swift in Sources */ = {isa = PBXBuildFile; fileRef = 1699E95A1BB7021C00EDBCF7 /* Station+CoreDataProperties.swift */; settings = {ASSET_TAGS = (); }; };
		1699E9631BB7021C00EDBCF7 /* Station.swift in Sources */ = {isa = PBXBuildFile; fileRef = 1699E95B1BB7021C00EDBCF7 /* Station.swift */; settings = {ASSET_TAGS = (); }; };
		1699E9641BB7021C00EDBCF7 /* Part+CoreDataProperties.swift in Sources */ = {isa = PBXBuildFile; fileRef = 1699E95C1BB7021C00EDBCF7 /* Part+CoreDataProperties.swift */; settings = {ASSET_TAGS = (); }; };
		1699E9651BB7021C00EDBCF7 /* Crew+CoreDataProperties.swift in Sources */ = {isa = PBXBuildFile; fileRef = 1699E95D1BB7021C00EDBCF7 /* Crew+CoreDataProperties.swift */; settings = {ASSET_TAGS = (); }; };
		1699E9661BB7021C00EDBCF7 /* Vessel+CoreDataProperties.swift in Sources */ = {isa = PBXBuildFile; fileRef = 1699E95E1BB7021C00EDBCF7 /* Vessel+CoreDataProperties.swift */; settings = {ASSET_TAGS = (); }; };
		1699E9671BB7021C00EDBCF7 /* Base+CoreDataProperties.swift in Sources */ = {isa = PBXBuildFile; fileRef = 1699E95F1BB7021C00EDBCF7 /* Base+CoreDataProperties.swift */; settings = {ASSET_TAGS = (); }; };
		1699E9681BB7021C00EDBCF7 /* Base.swift in Sources */ = {isa = PBXBuildFile; fileRef = 1699E9601BB7021C00EDBCF7 /* Base.swift */; settings = {ASSET_TAGS = (); }; };
		1699E9691BB7021C00EDBCF7 /* Kolony+CoreDataProperties.swift in Sources */ = {isa = PBXBuildFile; fileRef = 1699E9611BB7021C00EDBCF7 /* Kolony+CoreDataProperties.swift */; settings = {ASSET_TAGS = (); }; };
		1699E96B1BB708D600EDBCF7 /* CoreDataStackTestCase.swift in Sources */ = {isa = PBXBuildFile; fileRef = 1699E96A1BB708D600EDBCF7 /* CoreDataStackTestCase.swift */; settings = {ASSET_TAGS = (); }; };
		1699E96D1BB710E900EDBCF7 /* ManagingObjectContext.swift in Sources */ = {isa = PBXBuildFile; fileRef = 1699E96C1BB710E900EDBCF7 /* ManagingObjectContext.swift */; settings = {ASSET_TAGS = (); }; };
		1699E9701BB72A9D00EDBCF7 /* UIKitExtensions.swift in Sources */ = {isa = PBXBuildFile; fileRef = 1699E96F1BB72A9D00EDBCF7 /* UIKitExtensions.swift */; settings = {ASSET_TAGS = (); }; };
		1699E9871BB8494B00EDBCF7 /* CoreDataExtensions.swift in Sources */ = {isa = PBXBuildFile; fileRef = 1699E9861BB8494B00EDBCF7 /* CoreDataExtensions.swift */; settings = {ASSET_TAGS = (); }; };
		1699E9941BB8D51000EDBCF7 /* NamedType.swift in Sources */ = {isa = PBXBuildFile; fileRef = 1699E9931BB8D51000EDBCF7 /* NamedType.swift */; settings = {ASSET_TAGS = (); }; };
		1699E9971BB8D65300EDBCF7 /* NamedEntity+CoreDataProperties.swift in Sources */ = {isa = PBXBuildFile; fileRef = 1699E9951BB8D65300EDBCF7 /* NamedEntity+CoreDataProperties.swift */; settings = {ASSET_TAGS = (); }; };
		1699E9981BB8D65300EDBCF7 /* NamedEntity.swift in Sources */ = {isa = PBXBuildFile; fileRef = 1699E9961BB8D65300EDBCF7 /* NamedEntity.swift */; settings = {ASSET_TAGS = (); }; };
		16B7ACC61BB39066006DFA4E /* AppDelegate.swift in Sources */ = {isa = PBXBuildFile; fileRef = 16B7ACC51BB39066006DFA4E /* AppDelegate.swift */; };
		16B7ACC91BB39066006DFA4E /* UmbraCalc.xcdatamodeld in Sources */ = {isa = PBXBuildFile; fileRef = 16B7ACC71BB39066006DFA4E /* UmbraCalc.xcdatamodeld */; };
		16B7ACD01BB39066006DFA4E /* Main.storyboard in Resources */ = {isa = PBXBuildFile; fileRef = 16B7ACCE1BB39066006DFA4E /* Main.storyboard */; };
		16B7ACD21BB39066006DFA4E /* Assets.xcassets in Resources */ = {isa = PBXBuildFile; fileRef = 16B7ACD11BB39066006DFA4E /* Assets.xcassets */; };
		16B7ACD51BB39066006DFA4E /* LaunchScreen.storyboard in Resources */ = {isa = PBXBuildFile; fileRef = 16B7ACD31BB39066006DFA4E /* LaunchScreen.storyboard */; };
		16B7ACEB1BB39066006DFA4E /* UmbraCalcUITests.swift in Sources */ = {isa = PBXBuildFile; fileRef = 16B7ACEA1BB39066006DFA4E /* UmbraCalcUITests.swift */; };
		16B7ACFF1BB3AC51006DFA4E /* Vessel.swift in Sources */ = {isa = PBXBuildFile; fileRef = 16B7ACF91BB3AC51006DFA4E /* Vessel.swift */; settings = {ASSET_TAGS = (); }; };
		16B7AD011BB3AC51006DFA4E /* Part.swift in Sources */ = {isa = PBXBuildFile; fileRef = 16B7ACFB1BB3AC51006DFA4E /* Part.swift */; settings = {ASSET_TAGS = (); }; };
		16B7AD031BB3AC51006DFA4E /* Crew.swift in Sources */ = {isa = PBXBuildFile; fileRef = 16B7ACFD1BB3AC51006DFA4E /* Crew.swift */; settings = {ASSET_TAGS = (); }; };
		16B7AD051BB3BC50006DFA4E /* CrewTests.swift in Sources */ = {isa = PBXBuildFile; fileRef = 16B7AD041BB3BC50006DFA4E /* CrewTests.swift */; settings = {ASSET_TAGS = (); }; };
		16B7AD071BB3BE57006DFA4E /* CoreDataStack.swift in Sources */ = {isa = PBXBuildFile; fileRef = 16B7AD061BB3BE57006DFA4E /* CoreDataStack.swift */; settings = {ASSET_TAGS = (); }; };
		16B7AD0B1BB3CB8B006DFA4E /* PartTests.swift in Sources */ = {isa = PBXBuildFile; fileRef = 16B7AD0A1BB3CB8B006DFA4E /* PartTests.swift */; settings = {ASSET_TAGS = (); }; };
		16B7AD0D1BB3CE36006DFA4E /* PartFixtures.swift in Sources */ = {isa = PBXBuildFile; fileRef = 16B7AD0C1BB3CE36006DFA4E /* PartFixtures.swift */; settings = {ASSET_TAGS = (); }; };
		16B7AD191BB3E120006DFA4E /* Kolony.swift in Sources */ = {isa = PBXBuildFile; fileRef = 16B7AD171BB3E120006DFA4E /* Kolony.swift */; settings = {ASSET_TAGS = (); }; };
		16B7AD1F1BB5134A006DFA4E /* FoundationExtensions.swift in Sources */ = {isa = PBXBuildFile; fileRef = 16B7AD1E1BB5134A006DFA4E /* FoundationExtensions.swift */; settings = {ASSET_TAGS = (); }; };
		16B7AD221BB526D9006DFA4E /* ConfigNode.swift in Sources */ = {isa = PBXBuildFile; fileRef = 16B7AD211BB526D9006DFA4E /* ConfigNode.swift */; settings = {ASSET_TAGS = (); }; };
		16B7AD241BB53035006DFA4E /* ConfigNodeTests.swift in Sources */ = {isa = PBXBuildFile; fileRef = 16B7AD231BB53035006DFA4E /* ConfigNodeTests.swift */; settings = {ASSET_TAGS = (); }; };
		16B7AD261BB53793006DFA4E /* PartNode.swift in Sources */ = {isa = PBXBuildFile; fileRef = 16B7AD251BB53793006DFA4E /* PartNode.swift */; settings = {ASSET_TAGS = (); }; };
		16B7AD281BB53D53006DFA4E /* PartNodeTests.swift in Sources */ = {isa = PBXBuildFile; fileRef = 16B7AD271BB53D53006DFA4E /* PartNodeTests.swift */; settings = {ASSET_TAGS = (); }; };
		16FE810C1BBEDB7C00F1A56C /* KolonyDetailTableViewController.swift in Sources */ = {isa = PBXBuildFile; fileRef = 16FE810B1BBEDB7C00F1A56C /* KolonyDetailTableViewController.swift */; settings = {ASSET_TAGS = (); }; };
		16FE810E1BBEDEAF00F1A56C /* VesselListTableViewController.swift in Sources */ = {isa = PBXBuildFile; fileRef = 16FE810D1BBEDEAF00F1A56C /* VesselListTableViewController.swift */; settings = {ASSET_TAGS = (); }; };
		16FE813D1BBF691800F1A56C /* Balsa.swift in Sources */ = {isa = PBXBuildFile; fileRef = 16FE813C1BBF691800F1A56C /* Balsa.swift */; settings = {ASSET_TAGS = (); }; };
/* End PBXBuildFile section */

/* Begin PBXContainerItemProxy section */
		16B7ACDC1BB39066006DFA4E /* PBXContainerItemProxy */ = {
			isa = PBXContainerItemProxy;
			containerPortal = 16B7ACBA1BB39066006DFA4E /* Project object */;
			proxyType = 1;
			remoteGlobalIDString = 16B7ACC11BB39066006DFA4E;
			remoteInfo = UmbraCalc;
		};
		16B7ACE71BB39066006DFA4E /* PBXContainerItemProxy */ = {
			isa = PBXContainerItemProxy;
			containerPortal = 16B7ACBA1BB39066006DFA4E /* Project object */;
			proxyType = 1;
			remoteGlobalIDString = 16B7ACC11BB39066006DFA4E;
			remoteInfo = UmbraCalc;
		};
/* End PBXContainerItemProxy section */

/* Begin PBXFileReference section */
		162EA5F41BB91A62001AFBBC /* PartDetailTableViewController.swift */ = {isa = PBXFileReference; fileEncoding = 4; lastKnownFileType = sourcecode.swift; path = PartDetailTableViewController.swift; sourceTree = "<group>"; };
		162EA6151BBA5BF9001AFBBC /* FetchableDataSource.swift */ = {isa = PBXFileReference; fileEncoding = 4; lastKnownFileType = sourcecode.swift; path = FetchableDataSource.swift; sourceTree = "<group>"; };
		162EA6171BBA5C22001AFBBC /* FetchedDataSource.swift */ = {isa = PBXFileReference; fileEncoding = 4; lastKnownFileType = sourcecode.swift; path = FetchedDataSource.swift; sourceTree = "<group>"; };
		162EA6211BBAD81D001AFBBC /* SelectionDataSource.swift */ = {isa = PBXFileReference; fileEncoding = 4; lastKnownFileType = sourcecode.swift; path = SelectionDataSource.swift; sourceTree = "<group>"; };
		162EA6231BBADE55001AFBBC /* CrewSelectionTableViewController.swift */ = {isa = PBXFileReference; fileEncoding = 4; lastKnownFileType = sourcecode.swift; path = CrewSelectionTableViewController.swift; sourceTree = "<group>"; };
		1633604C1BBCF652003A6B5D /* Apropos.swift */ = {isa = PBXFileReference; fileEncoding = 4; lastKnownFileType = sourcecode.swift; path = Apropos.swift; sourceTree = "<group>"; };
		1633604E1BBCF867003A6B5D /* AproposExtensions.swift */ = {isa = PBXFileReference; fileEncoding = 4; lastKnownFileType = sourcecode.swift; path = AproposExtensions.swift; sourceTree = "<group>"; };
		1654A2211BBE4D3900623F50 /* ScratchContext.swift */ = {isa = PBXFileReference; fileEncoding = 4; lastKnownFileType = sourcecode.swift; name = ScratchContext.swift; path = UmbraCalc/ScratchContext.swift; sourceTree = "<group>"; };
		1699E9561BB6813400EDBCF7 /* VesselTests.swift */ = {isa = PBXFileReference; fileEncoding = 4; lastKnownFileType = sourcecode.swift; path = VesselTests.swift; sourceTree = "<group>"; };
		1699E95A1BB7021C00EDBCF7 /* Station+CoreDataProperties.swift */ = {isa = PBXFileReference; fileEncoding = 4; lastKnownFileType = sourcecode.swift; path = "Station+CoreDataProperties.swift"; sourceTree = "<group>"; };
		1699E95B1BB7021C00EDBCF7 /* Station.swift */ = {isa = PBXFileReference; fileEncoding = 4; lastKnownFileType = sourcecode.swift; path = Station.swift; sourceTree = "<group>"; };
		1699E95C1BB7021C00EDBCF7 /* Part+CoreDataProperties.swift */ = {isa = PBXFileReference; fileEncoding = 4; lastKnownFileType = sourcecode.swift; path = "Part+CoreDataProperties.swift"; sourceTree = "<group>"; };
		1699E95D1BB7021C00EDBCF7 /* Crew+CoreDataProperties.swift */ = {isa = PBXFileReference; fileEncoding = 4; lastKnownFileType = sourcecode.swift; path = "Crew+CoreDataProperties.swift"; sourceTree = "<group>"; };
		1699E95E1BB7021C00EDBCF7 /* Vessel+CoreDataProperties.swift */ = {isa = PBXFileReference; fileEncoding = 4; lastKnownFileType = sourcecode.swift; path = "Vessel+CoreDataProperties.swift"; sourceTree = "<group>"; };
		1699E95F1BB7021C00EDBCF7 /* Base+CoreDataProperties.swift */ = {isa = PBXFileReference; fileEncoding = 4; lastKnownFileType = sourcecode.swift; path = "Base+CoreDataProperties.swift"; sourceTree = "<group>"; };
		1699E9601BB7021C00EDBCF7 /* Base.swift */ = {isa = PBXFileReference; fileEncoding = 4; lastKnownFileType = sourcecode.swift; path = Base.swift; sourceTree = "<group>"; };
		1699E9611BB7021C00EDBCF7 /* Kolony+CoreDataProperties.swift */ = {isa = PBXFileReference; fileEncoding = 4; lastKnownFileType = sourcecode.swift; path = "Kolony+CoreDataProperties.swift"; sourceTree = "<group>"; };
		1699E96A1BB708D600EDBCF7 /* CoreDataStackTestCase.swift */ = {isa = PBXFileReference; fileEncoding = 4; lastKnownFileType = sourcecode.swift; path = CoreDataStackTestCase.swift; sourceTree = "<group>"; };
		1699E96C1BB710E900EDBCF7 /* ManagingObjectContext.swift */ = {isa = PBXFileReference; fileEncoding = 4; lastKnownFileType = sourcecode.swift; path = ManagingObjectContext.swift; sourceTree = "<group>"; };
		1699E96F1BB72A9D00EDBCF7 /* UIKitExtensions.swift */ = {isa = PBXFileReference; fileEncoding = 4; lastKnownFileType = sourcecode.swift; path = UIKitExtensions.swift; sourceTree = "<group>"; };
		1699E97C1BB7992000EDBCF7 /* CrewDetailTableViewController.swift */ = {isa = PBXFileReference; fileEncoding = 4; lastKnownFileType = sourcecode.swift; path = CrewDetailTableViewController.swift; sourceTree = "<group>"; };
		1699E9841BB83C4A00EDBCF7 /* EmptyDetailViewController.swift */ = {isa = PBXFileReference; fileEncoding = 4; lastKnownFileType = sourcecode.swift; path = EmptyDetailViewController.swift; sourceTree = "<group>"; };
		1699E9861BB8494B00EDBCF7 /* CoreDataExtensions.swift */ = {isa = PBXFileReference; fileEncoding = 4; lastKnownFileType = sourcecode.swift; path = CoreDataExtensions.swift; sourceTree = "<group>"; };
		1699E9881BB8871F00EDBCF7 /* MasterTableViewController.swift */ = {isa = PBXFileReference; fileEncoding = 4; lastKnownFileType = sourcecode.swift; path = MasterTableViewController.swift; sourceTree = "<group>"; };
		1699E98A1BB8A20300EDBCF7 /* VesselDetailTableViewController.swift */ = {isa = PBXFileReference; fileEncoding = 4; lastKnownFileType = sourcecode.swift; path = VesselDetailTableViewController.swift; sourceTree = "<group>"; };
		1699E9931BB8D51000EDBCF7 /* NamedType.swift */ = {isa = PBXFileReference; fileEncoding = 4; lastKnownFileType = sourcecode.swift; path = NamedType.swift; sourceTree = "<group>"; };
		1699E9951BB8D65300EDBCF7 /* NamedEntity+CoreDataProperties.swift */ = {isa = PBXFileReference; fileEncoding = 4; lastKnownFileType = sourcecode.swift; path = "NamedEntity+CoreDataProperties.swift"; sourceTree = "<group>"; };
		1699E9961BB8D65300EDBCF7 /* NamedEntity.swift */ = {isa = PBXFileReference; fileEncoding = 4; lastKnownFileType = sourcecode.swift; path = NamedEntity.swift; sourceTree = "<group>"; };
		1699E9991BB8FE3800EDBCF7 /* PartListTableViewController.swift */ = {isa = PBXFileReference; fileEncoding = 4; lastKnownFileType = sourcecode.swift; path = PartListTableViewController.swift; sourceTree = "<group>"; };
		1699E99B1BB9030600EDBCF7 /* PartNodeListTableViewController.swift */ = {isa = PBXFileReference; fileEncoding = 4; lastKnownFileType = sourcecode.swift; path = PartNodeListTableViewController.swift; sourceTree = "<group>"; };
		16B7ACC21BB39066006DFA4E /* UmbraCalc.app */ = {isa = PBXFileReference; explicitFileType = wrapper.application; includeInIndex = 0; path = UmbraCalc.app; sourceTree = BUILT_PRODUCTS_DIR; };
		16B7ACC51BB39066006DFA4E /* AppDelegate.swift */ = {isa = PBXFileReference; lastKnownFileType = sourcecode.swift; name = AppDelegate.swift; path = UmbraCalc/AppDelegate.swift; sourceTree = "<group>"; };
		16B7ACC81BB39066006DFA4E /* UmbraCalc.xcdatamodel */ = {isa = PBXFileReference; lastKnownFileType = wrapper.xcdatamodel; path = UmbraCalc.xcdatamodel; sourceTree = "<group>"; };
		16B7ACCF1BB39066006DFA4E /* Base */ = {isa = PBXFileReference; lastKnownFileType = file.storyboard; name = Base; path = Base.lproj/Main.storyboard; sourceTree = "<group>"; };
		16B7ACD11BB39066006DFA4E /* Assets.xcassets */ = {isa = PBXFileReference; lastKnownFileType = folder.assetcatalog; path = Assets.xcassets; sourceTree = "<group>"; };
		16B7ACD41BB39066006DFA4E /* Base */ = {isa = PBXFileReference; lastKnownFileType = file.storyboard; name = Base; path = Base.lproj/LaunchScreen.storyboard; sourceTree = "<group>"; };
		16B7ACD61BB39066006DFA4E /* Info.plist */ = {isa = PBXFileReference; lastKnownFileType = text.plist.xml; path = Info.plist; sourceTree = "<group>"; };
		16B7ACDB1BB39066006DFA4E /* UmbraCalcTests.xctest */ = {isa = PBXFileReference; explicitFileType = wrapper.cfbundle; includeInIndex = 0; path = UmbraCalcTests.xctest; sourceTree = BUILT_PRODUCTS_DIR; };
		16B7ACE11BB39066006DFA4E /* Info.plist */ = {isa = PBXFileReference; lastKnownFileType = text.plist.xml; path = Info.plist; sourceTree = "<group>"; };
		16B7ACE61BB39066006DFA4E /* UmbraCalcUITests.xctest */ = {isa = PBXFileReference; explicitFileType = wrapper.cfbundle; includeInIndex = 0; path = UmbraCalcUITests.xctest; sourceTree = BUILT_PRODUCTS_DIR; };
		16B7ACEA1BB39066006DFA4E /* UmbraCalcUITests.swift */ = {isa = PBXFileReference; lastKnownFileType = sourcecode.swift; path = UmbraCalcUITests.swift; sourceTree = "<group>"; };
		16B7ACEC1BB39066006DFA4E /* Info.plist */ = {isa = PBXFileReference; lastKnownFileType = text.plist.xml; path = Info.plist; sourceTree = "<group>"; };
		16B7ACF91BB3AC51006DFA4E /* Vessel.swift */ = {isa = PBXFileReference; fileEncoding = 4; lastKnownFileType = sourcecode.swift; path = Vessel.swift; sourceTree = "<group>"; };
		16B7ACFB1BB3AC51006DFA4E /* Part.swift */ = {isa = PBXFileReference; fileEncoding = 4; lastKnownFileType = sourcecode.swift; path = Part.swift; sourceTree = "<group>"; };
		16B7ACFD1BB3AC51006DFA4E /* Crew.swift */ = {isa = PBXFileReference; fileEncoding = 4; lastKnownFileType = sourcecode.swift; path = Crew.swift; sourceTree = "<group>"; };
		16B7AD041BB3BC50006DFA4E /* CrewTests.swift */ = {isa = PBXFileReference; fileEncoding = 4; lastKnownFileType = sourcecode.swift; path = CrewTests.swift; sourceTree = "<group>"; };
		16B7AD061BB3BE57006DFA4E /* CoreDataStack.swift */ = {isa = PBXFileReference; fileEncoding = 4; lastKnownFileType = sourcecode.swift; name = CoreDataStack.swift; path = UmbraCalc/CoreDataStack.swift; sourceTree = "<group>"; };
		16B7AD0A1BB3CB8B006DFA4E /* PartTests.swift */ = {isa = PBXFileReference; fileEncoding = 4; lastKnownFileType = sourcecode.swift; path = PartTests.swift; sourceTree = "<group>"; };
		16B7AD0C1BB3CE36006DFA4E /* PartFixtures.swift */ = {isa = PBXFileReference; fileEncoding = 4; lastKnownFileType = sourcecode.swift; path = PartFixtures.swift; sourceTree = "<group>"; };
		16B7AD171BB3E120006DFA4E /* Kolony.swift */ = {isa = PBXFileReference; fileEncoding = 4; lastKnownFileType = sourcecode.swift; path = Kolony.swift; sourceTree = "<group>"; };
		16B7AD1E1BB5134A006DFA4E /* FoundationExtensions.swift */ = {isa = PBXFileReference; fileEncoding = 4; lastKnownFileType = sourcecode.swift; path = FoundationExtensions.swift; sourceTree = "<group>"; };
		16B7AD211BB526D9006DFA4E /* ConfigNode.swift */ = {isa = PBXFileReference; fileEncoding = 4; lastKnownFileType = sourcecode.swift; path = ConfigNode.swift; sourceTree = "<group>"; };
		16B7AD231BB53035006DFA4E /* ConfigNodeTests.swift */ = {isa = PBXFileReference; fileEncoding = 4; lastKnownFileType = sourcecode.swift; path = ConfigNodeTests.swift; sourceTree = "<group>"; };
		16B7AD251BB53793006DFA4E /* PartNode.swift */ = {isa = PBXFileReference; fileEncoding = 4; lastKnownFileType = sourcecode.swift; path = PartNode.swift; sourceTree = "<group>"; };
		16B7AD271BB53D53006DFA4E /* PartNodeTests.swift */ = {isa = PBXFileReference; fileEncoding = 4; lastKnownFileType = sourcecode.swift; path = PartNodeTests.swift; sourceTree = "<group>"; };
		16FE810B1BBEDB7C00F1A56C /* KolonyDetailTableViewController.swift */ = {isa = PBXFileReference; fileEncoding = 4; lastKnownFileType = sourcecode.swift; path = KolonyDetailTableViewController.swift; sourceTree = "<group>"; };
		16FE810D1BBEDEAF00F1A56C /* VesselListTableViewController.swift */ = {isa = PBXFileReference; fileEncoding = 4; lastKnownFileType = sourcecode.swift; path = VesselListTableViewController.swift; sourceTree = "<group>"; };
		16FE813C1BBF691800F1A56C /* Balsa.swift */ = {isa = PBXFileReference; fileEncoding = 4; lastKnownFileType = sourcecode.swift; path = Balsa.swift; sourceTree = "<group>"; };
/* End PBXFileReference section */

/* Begin PBXFrameworksBuildPhase section */
		16B7ACBF1BB39066006DFA4E /* Frameworks */ = {
			isa = PBXFrameworksBuildPhase;
			buildActionMask = 2147483647;
			files = (
			);
			runOnlyForDeploymentPostprocessing = 0;
		};
		16B7ACD81BB39066006DFA4E /* Frameworks */ = {
			isa = PBXFrameworksBuildPhase;
			buildActionMask = 2147483647;
			files = (
			);
			runOnlyForDeploymentPostprocessing = 0;
		};
		16B7ACE31BB39066006DFA4E /* Frameworks */ = {
			isa = PBXFrameworksBuildPhase;
			buildActionMask = 2147483647;
			files = (
			);
			runOnlyForDeploymentPostprocessing = 0;
		};
/* End PBXFrameworksBuildPhase section */

/* Begin PBXGroup section */
		1633604B1BBCF63D003A6B5D /* Apropos */ = {
			isa = PBXGroup;
			children = (
				1633604C1BBCF652003A6B5D /* Apropos.swift */,
			);
			name = Apropos;
			path = Apropos/Apropos;
			sourceTree = "<group>";
		};
		1654A2231BBE4D4500623F50 /* Classes */ = {
			isa = PBXGroup;
			children = (
				16B7ACC51BB39066006DFA4E /* AppDelegate.swift */,
				16B7AD061BB3BE57006DFA4E /* CoreDataStack.swift */,
				1654A2211BBE4D3900623F50 /* ScratchContext.swift */,
			);
			name = Classes;
			path = ..;
			sourceTree = "<group>";
		};
		1699E9581BB6814300EDBCF7 /* Models */ = {
			isa = PBXGroup;
			children = (
				16B7AD231BB53035006DFA4E /* ConfigNodeTests.swift */,
				16B7AD041BB3BC50006DFA4E /* CrewTests.swift */,
				16B7AD0C1BB3CE36006DFA4E /* PartFixtures.swift */,
				16B7AD271BB53D53006DFA4E /* PartNodeTests.swift */,
				16B7AD0A1BB3CB8B006DFA4E /* PartTests.swift */,
				1699E9561BB6813400EDBCF7 /* VesselTests.swift */,
			);
			name = Models;
			sourceTree = "<group>";
		};
		1699E9591BB6815100EDBCF7 /* Controllers */ = {
			isa = PBXGroup;
			children = (
				1699E97C1BB7992000EDBCF7 /* CrewDetailTableViewController.swift */,
				162EA6231BBADE55001AFBBC /* CrewSelectionTableViewController.swift */,
				1699E9841BB83C4A00EDBCF7 /* EmptyDetailViewController.swift */,
				16FE810B1BBEDB7C00F1A56C /* KolonyDetailTableViewController.swift */,
				1699E9881BB8871F00EDBCF7 /* MasterTableViewController.swift */,
				162EA5F41BB91A62001AFBBC /* PartDetailTableViewController.swift */,
				1699E9991BB8FE3800EDBCF7 /* PartListTableViewController.swift */,
				16FE810D1BBEDEAF00F1A56C /* VesselListTableViewController.swift */,
				1699E99B1BB9030600EDBCF7 /* PartNodeListTableViewController.swift */,
				1699E98A1BB8A20300EDBCF7 /* VesselDetailTableViewController.swift */,
			);
			name = Controllers;
			sourceTree = "<group>";
		};
		1699E9721BB733D800EDBCF7 /* Protocols */ = {
			isa = PBXGroup;
			children = (
				162EA6151BBA5BF9001AFBBC /* FetchableDataSource.swift */,
				1699E96C1BB710E900EDBCF7 /* ManagingObjectContext.swift */,
				1699E9931BB8D51000EDBCF7 /* NamedType.swift */,
			);
			name = Protocols;
			sourceTree = "<group>";
		};
		1699E9731BB733F200EDBCF7 /* Resources */ = {
			isa = PBXGroup;
			children = (
				16B7ACD11BB39066006DFA4E /* Assets.xcassets */,
				16B7ACD61BB39066006DFA4E /* Info.plist */,
				16B7ACD31BB39066006DFA4E /* LaunchScreen.storyboard */,
				16B7ACCE1BB39066006DFA4E /* Main.storyboard */,
				16B7ACC71BB39066006DFA4E /* UmbraCalc.xcdatamodeld */,
			);
			name = Resources;
			sourceTree = "<group>";
		};
		1699E9901BB8D0F900EDBCF7 /* DataSources */ = {
			isa = PBXGroup;
			children = (
				162EA6171BBA5C22001AFBBC /* FetchedDataSource.swift */,
				162EA6211BBAD81D001AFBBC /* SelectionDataSource.swift */,
			);
			name = DataSources;
			sourceTree = "<group>";
		};
		16B7ACB91BB39065006DFA4E = {
			isa = PBXGroup;
			children = (
				1633604B1BBCF63D003A6B5D /* Apropos */,
				16FE813B1BBF685900F1A56C /* Balsa */,
				16B7ACC41BB39066006DFA4E /* UmbraCalc */,
				16B7ACDE1BB39066006DFA4E /* UmbraCalcTests */,
				16B7ACE91BB39066006DFA4E /* UmbraCalcUITests */,
				16B7ACC31BB39066006DFA4E /* Products */,
			);
			sourceTree = "<group>";
		};
		16B7ACC31BB39066006DFA4E /* Products */ = {
			isa = PBXGroup;
			children = (
				16B7ACC21BB39066006DFA4E /* UmbraCalc.app */,
				16B7ACDB1BB39066006DFA4E /* UmbraCalcTests.xctest */,
				16B7ACE61BB39066006DFA4E /* UmbraCalcUITests.xctest */,
			);
			name = Products;
			sourceTree = "<group>";
		};
		16B7ACC41BB39066006DFA4E /* UmbraCalc */ = {
			isa = PBXGroup;
			children = (
				1654A2231BBE4D4500623F50 /* Classes */,
				1699E9591BB6815100EDBCF7 /* Controllers */,
				1699E9901BB8D0F900EDBCF7 /* DataSources */,
				16F999B31BB663730018A685 /* Extensions */,
				16F999B11BB663080018A685 /* Models */,
				1699E9721BB733D800EDBCF7 /* Protocols */,
				1699E9731BB733F200EDBCF7 /* Resources */,
			);
			path = UmbraCalc;
			sourceTree = "<group>";
		};
		16B7ACDE1BB39066006DFA4E /* UmbraCalcTests */ = {
			isa = PBXGroup;
			children = (
				1699E96A1BB708D600EDBCF7 /* CoreDataStackTestCase.swift */,
				1699E9581BB6814300EDBCF7 /* Models */,
				16B7ACE11BB39066006DFA4E /* Info.plist */,
			);
			path = UmbraCalcTests;
			sourceTree = "<group>";
		};
		16B7ACE91BB39066006DFA4E /* UmbraCalcUITests */ = {
			isa = PBXGroup;
			children = (
				16B7ACEA1BB39066006DFA4E /* UmbraCalcUITests.swift */,
				16B7ACEC1BB39066006DFA4E /* Info.plist */,
			);
			path = UmbraCalcUITests;
			sourceTree = "<group>";
		};
		16F999B11BB663080018A685 /* Models */ = {
			isa = PBXGroup;
			children = (
				1699E9601BB7021C00EDBCF7 /* Base.swift */,
				1699E95F1BB7021C00EDBCF7 /* Base+CoreDataProperties.swift */,
				16B7AD211BB526D9006DFA4E /* ConfigNode.swift */,
				16B7ACFD1BB3AC51006DFA4E /* Crew.swift */,
				1699E95D1BB7021C00EDBCF7 /* Crew+CoreDataProperties.swift */,
				16B7AD171BB3E120006DFA4E /* Kolony.swift */,
				1699E9611BB7021C00EDBCF7 /* Kolony+CoreDataProperties.swift */,
				1699E9961BB8D65300EDBCF7 /* NamedEntity.swift */,
				1699E9951BB8D65300EDBCF7 /* NamedEntity+CoreDataProperties.swift */,
				16B7ACFB1BB3AC51006DFA4E /* Part.swift */,
				1699E95C1BB7021C00EDBCF7 /* Part+CoreDataProperties.swift */,
				16B7AD251BB53793006DFA4E /* PartNode.swift */,
				1699E95B1BB7021C00EDBCF7 /* Station.swift */,
				1699E95A1BB7021C00EDBCF7 /* Station+CoreDataProperties.swift */,
				16B7ACF91BB3AC51006DFA4E /* Vessel.swift */,
				1699E95E1BB7021C00EDBCF7 /* Vessel+CoreDataProperties.swift */,
			);
			name = Models;
			sourceTree = "<group>";
		};
		16F999B31BB663730018A685 /* Extensions */ = {
			isa = PBXGroup;
			children = (
				1633604E1BBCF867003A6B5D /* AproposExtensions.swift */,
				1699E9861BB8494B00EDBCF7 /* CoreDataExtensions.swift */,
				16B7AD1E1BB5134A006DFA4E /* FoundationExtensions.swift */,
				1699E96F1BB72A9D00EDBCF7 /* UIKitExtensions.swift */,
			);
			name = Extensions;
			sourceTree = "<group>";
		};
		16FE813B1BBF685900F1A56C /* Balsa */ = {
			isa = PBXGroup;
			children = (
				16FE813C1BBF691800F1A56C /* Balsa.swift */,
			);
			name = Balsa;
			path = Balsa/Balsa;
			sourceTree = "<group>";
		};
/* End PBXGroup section */

/* Begin PBXNativeTarget section */
		16B7ACC11BB39066006DFA4E /* UmbraCalc */ = {
			isa = PBXNativeTarget;
			buildConfigurationList = 16B7ACEF1BB39066006DFA4E /* Build configuration list for PBXNativeTarget "UmbraCalc" */;
			buildPhases = (
				16B7ACBE1BB39066006DFA4E /* Sources */,
				16B7ACBF1BB39066006DFA4E /* Frameworks */,
				16B7ACC01BB39066006DFA4E /* Resources */,
				16B7AD201BB51FCC006DFA4E /* ShellScript */,
			);
			buildRules = (
			);
			dependencies = (
			);
			name = UmbraCalc;
			productName = UmbraCalc;
			productReference = 16B7ACC21BB39066006DFA4E /* UmbraCalc.app */;
			productType = "com.apple.product-type.application";
		};
		16B7ACDA1BB39066006DFA4E /* UmbraCalcTests */ = {
			isa = PBXNativeTarget;
			buildConfigurationList = 16B7ACF21BB39066006DFA4E /* Build configuration list for PBXNativeTarget "UmbraCalcTests" */;
			buildPhases = (
				16B7ACD71BB39066006DFA4E /* Sources */,
				16B7ACD81BB39066006DFA4E /* Frameworks */,
				16B7ACD91BB39066006DFA4E /* Resources */,
			);
			buildRules = (
			);
			dependencies = (
				16B7ACDD1BB39066006DFA4E /* PBXTargetDependency */,
			);
			name = UmbraCalcTests;
			productName = UmbraCalcTests;
			productReference = 16B7ACDB1BB39066006DFA4E /* UmbraCalcTests.xctest */;
			productType = "com.apple.product-type.bundle.unit-test";
		};
		16B7ACE51BB39066006DFA4E /* UmbraCalcUITests */ = {
			isa = PBXNativeTarget;
			buildConfigurationList = 16B7ACF51BB39066006DFA4E /* Build configuration list for PBXNativeTarget "UmbraCalcUITests" */;
			buildPhases = (
				16B7ACE21BB39066006DFA4E /* Sources */,
				16B7ACE31BB39066006DFA4E /* Frameworks */,
				16B7ACE41BB39066006DFA4E /* Resources */,
			);
			buildRules = (
			);
			dependencies = (
				16B7ACE81BB39066006DFA4E /* PBXTargetDependency */,
			);
			name = UmbraCalcUITests;
			productName = UmbraCalcUITests;
			productReference = 16B7ACE61BB39066006DFA4E /* UmbraCalcUITests.xctest */;
			productType = "com.apple.product-type.bundle.ui-testing";
		};
/* End PBXNativeTarget section */

/* Begin PBXProject section */
		16B7ACBA1BB39066006DFA4E /* Project object */ = {
			isa = PBXProject;
			attributes = {
				LastUpgradeCheck = 0700;
				ORGANIZATIONNAME = "jacob berkman";
				TargetAttributes = {
					16B7ACC11BB39066006DFA4E = {
						CreatedOnToolsVersion = 7.0;
						DevelopmentTeam = BL63K249S3;
					};
					16B7ACDA1BB39066006DFA4E = {
						CreatedOnToolsVersion = 7.0;
						TestTargetID = 16B7ACC11BB39066006DFA4E;
					};
					16B7ACE51BB39066006DFA4E = {
						CreatedOnToolsVersion = 7.0;
						TestTargetID = 16B7ACC11BB39066006DFA4E;
					};
				};
			};
			buildConfigurationList = 16B7ACBD1BB39066006DFA4E /* Build configuration list for PBXProject "UmbraCalc" */;
			compatibilityVersion = "Xcode 3.2";
			developmentRegion = English;
			hasScannedForEncodings = 0;
			knownRegions = (
				en,
				Base,
			);
			mainGroup = 16B7ACB91BB39065006DFA4E;
			productRefGroup = 16B7ACC31BB39066006DFA4E /* Products */;
			projectDirPath = "";
			projectRoot = "";
			targets = (
				16B7ACC11BB39066006DFA4E /* UmbraCalc */,
				16B7ACDA1BB39066006DFA4E /* UmbraCalcTests */,
				16B7ACE51BB39066006DFA4E /* UmbraCalcUITests */,
			);
		};
/* End PBXProject section */

/* Begin PBXResourcesBuildPhase section */
		16B7ACC01BB39066006DFA4E /* Resources */ = {
			isa = PBXResourcesBuildPhase;
			buildActionMask = 2147483647;
			files = (
				16B7ACD51BB39066006DFA4E /* LaunchScreen.storyboard in Resources */,
				16B7ACD21BB39066006DFA4E /* Assets.xcassets in Resources */,
				16B7ACD01BB39066006DFA4E /* Main.storyboard in Resources */,
			);
			runOnlyForDeploymentPostprocessing = 0;
		};
		16B7ACD91BB39066006DFA4E /* Resources */ = {
			isa = PBXResourcesBuildPhase;
			buildActionMask = 2147483647;
			files = (
			);
			runOnlyForDeploymentPostprocessing = 0;
		};
		16B7ACE41BB39066006DFA4E /* Resources */ = {
			isa = PBXResourcesBuildPhase;
			buildActionMask = 2147483647;
			files = (
			);
			runOnlyForDeploymentPostprocessing = 0;
		};
/* End PBXResourcesBuildPhase section */

/* Begin PBXShellScriptBuildPhase section */
		16B7AD201BB51FCC006DFA4E /* ShellScript */ = {
			isa = PBXShellScriptBuildPhase;
			buildActionMask = 2147483647;
			files = (
			);
			inputPaths = (
			);
			outputPaths = (
			);
			runOnlyForDeploymentPostprocessing = 0;
			shellPath = /bin/sh;
			shellScript = "set -ex\nPARTS=\"$BUILT_PRODUCTS_DIR/$CONTENTS_FOLDER_PATH/Parts\"\nmkdir -p \"$PARTS\"\nfind \"$SOURCE_ROOT/Parts\" -name \"*.cfg\" -print0 | xargs -0 -J % cp -v % \"$PARTS\"";
		};
/* End PBXShellScriptBuildPhase section */

/* Begin PBXSourcesBuildPhase section */
		16B7ACBE1BB39066006DFA4E /* Sources */ = {
			isa = PBXSourcesBuildPhase;
			buildActionMask = 2147483647;
			files = (
				1654A2311BBE71FE00623F50 /* PartNodeListTableViewController.swift in Sources */,
				1654A2261BBE622400623F50 /* FetchedDataSource.swift in Sources */,
				1699E9641BB7021C00EDBCF7 /* Part+CoreDataProperties.swift in Sources */,
				16B7ACC91BB39066006DFA4E /* UmbraCalc.xcdatamodeld in Sources */,
				1654A22A1BBE6B5D00623F50 /* CrewSelectionTableViewController.swift in Sources */,
				1654A2221BBE4D3900623F50 /* ScratchContext.swift in Sources */,
				16FE810C1BBEDB7C00F1A56C /* KolonyDetailTableViewController.swift in Sources */,
				16FE810E1BBEDEAF00F1A56C /* VesselListTableViewController.swift in Sources */,
				1699E9981BB8D65300EDBCF7 /* NamedEntity.swift in Sources */,
				1654A2301BBE71FE00623F50 /* PartListTableViewController.swift in Sources */,
				16B7ACFF1BB3AC51006DFA4E /* Vessel.swift in Sources */,
				1699E9661BB7021C00EDBCF7 /* Vessel+CoreDataProperties.swift in Sources */,
				1654A22F1BBE71FE00623F50 /* PartDetailTableViewController.swift in Sources */,
				1699E9871BB8494B00EDBCF7 /* CoreDataExtensions.swift in Sources */,
				1699E9621BB7021C00EDBCF7 /* Station+CoreDataProperties.swift in Sources */,
				1699E9681BB7021C00EDBCF7 /* Base.swift in Sources */,
				16FE813D1BBF691800F1A56C /* Balsa.swift in Sources */,
				1633604F1BBCF867003A6B5D /* AproposExtensions.swift in Sources */,
				16B7ACC61BB39066006DFA4E /* AppDelegate.swift in Sources */,
				1654A22D1BBE714400623F50 /* MasterTableViewController.swift in Sources */,
				1699E9631BB7021C00EDBCF7 /* Station.swift in Sources */,
				16B7AD031BB3AC51006DFA4E /* Crew.swift in Sources */,
				1633604D1BBCF652003A6B5D /* Apropos.swift in Sources */,
				16B7AD071BB3BE57006DFA4E /* CoreDataStack.swift in Sources */,
				1654A2321BBE71FE00623F50 /* VesselDetailTableViewController.swift in Sources */,
				1654A2291BBE69FE00623F50 /* CrewDetailTableViewController.swift in Sources */,
				16B7AD011BB3AC51006DFA4E /* Part.swift in Sources */,
				1654A22C1BBE713B00623F50 /* EmptyDetailViewController.swift in Sources */,
				162EA6161BBA5BF9001AFBBC /* FetchableDataSource.swift in Sources */,
				1699E96D1BB710E900EDBCF7 /* ManagingObjectContext.swift in Sources */,
				1699E9701BB72A9D00EDBCF7 /* UIKitExtensions.swift in Sources */,
				1699E9971BB8D65300EDBCF7 /* NamedEntity+CoreDataProperties.swift in Sources */,
				1699E9691BB7021C00EDBCF7 /* Kolony+CoreDataProperties.swift in Sources */,
				16B7AD191BB3E120006DFA4E /* Kolony.swift in Sources */,
				1654A22B1BBE6B7700623F50 /* SelectionDataSource.swift in Sources */,
				16B7AD261BB53793006DFA4E /* PartNode.swift in Sources */,
				1699E9651BB7021C00EDBCF7 /* Crew+CoreDataProperties.swift in Sources */,
				1699E9941BB8D51000EDBCF7 /* NamedType.swift in Sources */,
				16B7AD221BB526D9006DFA4E /* ConfigNode.swift in Sources */,
				16B7AD1F1BB5134A006DFA4E /* FoundationExtensions.swift in Sources */,
				1699E9671BB7021C00EDBCF7 /* Base+CoreDataProperties.swift in Sources */,
			);
			runOnlyForDeploymentPostprocessing = 0;
		};
		16B7ACD71BB39066006DFA4E /* Sources */ = {
			isa = PBXSourcesBuildPhase;
			buildActionMask = 2147483647;
			files = (
				16B7AD281BB53D53006DFA4E /* PartNodeTests.swift in Sources */,
				16B7AD0B1BB3CB8B006DFA4E /* PartTests.swift in Sources */,
				1699E9571BB6813400EDBCF7 /* VesselTests.swift in Sources */,
				16B7AD241BB53035006DFA4E /* ConfigNodeTests.swift in Sources */,
				1699E96B1BB708D600EDBCF7 /* CoreDataStackTestCase.swift in Sources */,
				16B7AD051BB3BC50006DFA4E /* CrewTests.swift in Sources */,
				16B7AD0D1BB3CE36006DFA4E /* PartFixtures.swift in Sources */,
			);
			runOnlyForDeploymentPostprocessing = 0;
		};
		16B7ACE21BB39066006DFA4E /* Sources */ = {
			isa = PBXSourcesBuildPhase;
			buildActionMask = 2147483647;
			files = (
				16B7ACEB1BB39066006DFA4E /* UmbraCalcUITests.swift in Sources */,
			);
			runOnlyForDeploymentPostprocessing = 0;
		};
/* End PBXSourcesBuildPhase section */

/* Begin PBXTargetDependency section */
		16B7ACDD1BB39066006DFA4E /* PBXTargetDependency */ = {
			isa = PBXTargetDependency;
			target = 16B7ACC11BB39066006DFA4E /* UmbraCalc */;
			targetProxy = 16B7ACDC1BB39066006DFA4E /* PBXContainerItemProxy */;
		};
		16B7ACE81BB39066006DFA4E /* PBXTargetDependency */ = {
			isa = PBXTargetDependency;
			target = 16B7ACC11BB39066006DFA4E /* UmbraCalc */;
			targetProxy = 16B7ACE71BB39066006DFA4E /* PBXContainerItemProxy */;
		};
/* End PBXTargetDependency section */

/* Begin PBXVariantGroup section */
		16B7ACCE1BB39066006DFA4E /* Main.storyboard */ = {
			isa = PBXVariantGroup;
			children = (
				16B7ACCF1BB39066006DFA4E /* Base */,
			);
			name = Main.storyboard;
			sourceTree = "<group>";
		};
		16B7ACD31BB39066006DFA4E /* LaunchScreen.storyboard */ = {
			isa = PBXVariantGroup;
			children = (
				16B7ACD41BB39066006DFA4E /* Base */,
			);
			name = LaunchScreen.storyboard;
			sourceTree = "<group>";
		};
/* End PBXVariantGroup section */

/* Begin XCBuildConfiguration section */
		16B7ACED1BB39066006DFA4E /* Debug */ = {
			isa = XCBuildConfiguration;
			buildSettings = {
				ALWAYS_SEARCH_USER_PATHS = NO;
				CLANG_CXX_LANGUAGE_STANDARD = "gnu++0x";
				CLANG_CXX_LIBRARY = "libc++";
				CLANG_ENABLE_MODULES = YES;
				CLANG_ENABLE_OBJC_ARC = YES;
				CLANG_WARN_BOOL_CONVERSION = YES;
				CLANG_WARN_CONSTANT_CONVERSION = YES;
				CLANG_WARN_DIRECT_OBJC_ISA_USAGE = YES_ERROR;
				CLANG_WARN_EMPTY_BODY = YES;
				CLANG_WARN_ENUM_CONVERSION = YES;
				CLANG_WARN_INT_CONVERSION = YES;
				CLANG_WARN_OBJC_ROOT_CLASS = YES_ERROR;
				CLANG_WARN_UNREACHABLE_CODE = YES;
				CLANG_WARN__DUPLICATE_METHOD_MATCH = YES;
				"CODE_SIGN_IDENTITY[sdk=iphoneos*]" = "iPhone Developer";
				COPY_PHASE_STRIP = NO;
				DEBUG_INFORMATION_FORMAT = dwarf;
				ENABLE_STRICT_OBJC_MSGSEND = YES;
				ENABLE_TESTABILITY = YES;
				GCC_C_LANGUAGE_STANDARD = gnu99;
				GCC_DYNAMIC_NO_PIC = NO;
				GCC_NO_COMMON_BLOCKS = YES;
				GCC_OPTIMIZATION_LEVEL = 0;
				GCC_PREPROCESSOR_DEFINITIONS = (
					"DEBUG=1",
					"$(inherited)",
				);
				GCC_WARN_64_TO_32_BIT_CONVERSION = YES;
				GCC_WARN_ABOUT_RETURN_TYPE = YES_ERROR;
				GCC_WARN_UNDECLARED_SELECTOR = YES;
				GCC_WARN_UNINITIALIZED_AUTOS = YES_AGGRESSIVE;
				GCC_WARN_UNUSED_FUNCTION = YES;
				GCC_WARN_UNUSED_VARIABLE = YES;
				IPHONEOS_DEPLOYMENT_TARGET = 9.0;
				MTL_ENABLE_DEBUG_INFO = YES;
				ONLY_ACTIVE_ARCH = YES;
				SDKROOT = iphoneos;
				SWIFT_OPTIMIZATION_LEVEL = "-Onone";
				TARGETED_DEVICE_FAMILY = "1,2";
			};
			name = Debug;
		};
		16B7ACEE1BB39066006DFA4E /* Release */ = {
			isa = XCBuildConfiguration;
			buildSettings = {
				ALWAYS_SEARCH_USER_PATHS = NO;
				CLANG_CXX_LANGUAGE_STANDARD = "gnu++0x";
				CLANG_CXX_LIBRARY = "libc++";
				CLANG_ENABLE_MODULES = YES;
				CLANG_ENABLE_OBJC_ARC = YES;
				CLANG_WARN_BOOL_CONVERSION = YES;
				CLANG_WARN_CONSTANT_CONVERSION = YES;
				CLANG_WARN_DIRECT_OBJC_ISA_USAGE = YES_ERROR;
				CLANG_WARN_EMPTY_BODY = YES;
				CLANG_WARN_ENUM_CONVERSION = YES;
				CLANG_WARN_INT_CONVERSION = YES;
				CLANG_WARN_OBJC_ROOT_CLASS = YES_ERROR;
				CLANG_WARN_UNREACHABLE_CODE = YES;
				CLANG_WARN__DUPLICATE_METHOD_MATCH = YES;
				"CODE_SIGN_IDENTITY[sdk=iphoneos*]" = "iPhone Developer";
				COPY_PHASE_STRIP = NO;
				DEBUG_INFORMATION_FORMAT = "dwarf-with-dsym";
				ENABLE_NS_ASSERTIONS = NO;
				ENABLE_STRICT_OBJC_MSGSEND = YES;
				GCC_C_LANGUAGE_STANDARD = gnu99;
				GCC_NO_COMMON_BLOCKS = YES;
				GCC_WARN_64_TO_32_BIT_CONVERSION = YES;
				GCC_WARN_ABOUT_RETURN_TYPE = YES_ERROR;
				GCC_WARN_UNDECLARED_SELECTOR = YES;
				GCC_WARN_UNINITIALIZED_AUTOS = YES_AGGRESSIVE;
				GCC_WARN_UNUSED_FUNCTION = YES;
				GCC_WARN_UNUSED_VARIABLE = YES;
				IPHONEOS_DEPLOYMENT_TARGET = 9.0;
				MTL_ENABLE_DEBUG_INFO = NO;
				SDKROOT = iphoneos;
				TARGETED_DEVICE_FAMILY = "1,2";
				VALIDATE_PRODUCT = YES;
			};
			name = Release;
		};
		16B7ACF01BB39066006DFA4E /* Debug */ = {
			isa = XCBuildConfiguration;
			buildSettings = {
				ASSETCATALOG_COMPILER_APPICON_NAME = AppIcon;
				CODE_SIGN_IDENTITY = "iPhone Developer";
				"CODE_SIGN_IDENTITY[sdk=iphoneos*]" = "iPhone Developer";
				INFOPLIST_FILE = UmbraCalc/Info.plist;
				LD_RUNPATH_SEARCH_PATHS = "$(inherited) @executable_path/Frameworks";
				PRODUCT_BUNDLE_IDENTIFIER = net.87k.UmbraCalc;
				PRODUCT_NAME = "$(TARGET_NAME)";
				PROVISIONING_PROFILE = "";
			};
			name = Debug;
		};
		16B7ACF11BB39066006DFA4E /* Release */ = {
			isa = XCBuildConfiguration;
			buildSettings = {
				ASSETCATALOG_COMPILER_APPICON_NAME = AppIcon;
				CODE_SIGN_IDENTITY = "iPhone Developer";
				"CODE_SIGN_IDENTITY[sdk=iphoneos*]" = "iPhone Developer";
				INFOPLIST_FILE = UmbraCalc/Info.plist;
				LD_RUNPATH_SEARCH_PATHS = "$(inherited) @executable_path/Frameworks";
				PRODUCT_BUNDLE_IDENTIFIER = net.87k.UmbraCalc;
				PRODUCT_NAME = "$(TARGET_NAME)";
				PROVISIONING_PROFILE = "";
			};
			name = Release;
		};
		16B7ACF31BB39066006DFA4E /* Debug */ = {
			isa = XCBuildConfiguration;
			buildSettings = {
				BUNDLE_LOADER = "$(TEST_HOST)";
				INFOPLIST_FILE = UmbraCalcTests/Info.plist;
				LD_RUNPATH_SEARCH_PATHS = "$(inherited) @executable_path/Frameworks @loader_path/Frameworks";
				PRODUCT_BUNDLE_IDENTIFIER = net.87k.UmbraCalcTests;
				PRODUCT_NAME = "$(TARGET_NAME)";
				TEST_HOST = "$(BUILT_PRODUCTS_DIR)/UmbraCalc.app/UmbraCalc";
			};
			name = Debug;
		};
		16B7ACF41BB39066006DFA4E /* Release */ = {
			isa = XCBuildConfiguration;
			buildSettings = {
				BUNDLE_LOADER = "$(TEST_HOST)";
				INFOPLIST_FILE = UmbraCalcTests/Info.plist;
				LD_RUNPATH_SEARCH_PATHS = "$(inherited) @executable_path/Frameworks @loader_path/Frameworks";
				PRODUCT_BUNDLE_IDENTIFIER = net.87k.UmbraCalcTests;
				PRODUCT_NAME = "$(TARGET_NAME)";
				TEST_HOST = "$(BUILT_PRODUCTS_DIR)/UmbraCalc.app/UmbraCalc";
			};
			name = Release;
		};
		16B7ACF61BB39066006DFA4E /* Debug */ = {
			isa = XCBuildConfiguration;
			buildSettings = {
				INFOPLIST_FILE = UmbraCalcUITests/Info.plist;
				LD_RUNPATH_SEARCH_PATHS = "$(inherited) @executable_path/Frameworks @loader_path/Frameworks";
				PRODUCT_BUNDLE_IDENTIFIER = net.87k.UmbraCalcUITests;
				PRODUCT_NAME = "$(TARGET_NAME)";
				TEST_TARGET_NAME = UmbraCalc;
				USES_XCTRUNNER = YES;
			};
			name = Debug;
		};
		16B7ACF71BB39066006DFA4E /* Release */ = {
			isa = XCBuildConfiguration;
			buildSettings = {
				INFOPLIST_FILE = UmbraCalcUITests/Info.plist;
				LD_RUNPATH_SEARCH_PATHS = "$(inherited) @executable_path/Frameworks @loader_path/Frameworks";
				PRODUCT_BUNDLE_IDENTIFIER = net.87k.UmbraCalcUITests;
				PRODUCT_NAME = "$(TARGET_NAME)";
				TEST_TARGET_NAME = UmbraCalc;
				USES_XCTRUNNER = YES;
			};
			name = Release;
		};
/* End XCBuildConfiguration section */

/* Begin XCConfigurationList section */
		16B7ACBD1BB39066006DFA4E /* Build configuration list for PBXProject "UmbraCalc" */ = {
			isa = XCConfigurationList;
			buildConfigurations = (
				16B7ACED1BB39066006DFA4E /* Debug */,
				16B7ACEE1BB39066006DFA4E /* Release */,
			);
			defaultConfigurationIsVisible = 0;
			defaultConfigurationName = Release;
		};
		16B7ACEF1BB39066006DFA4E /* Build configuration list for PBXNativeTarget "UmbraCalc" */ = {
			isa = XCConfigurationList;
			buildConfigurations = (
				16B7ACF01BB39066006DFA4E /* Debug */,
				16B7ACF11BB39066006DFA4E /* Release */,
			);
			defaultConfigurationIsVisible = 0;
			defaultConfigurationName = Release;
		};
		16B7ACF21BB39066006DFA4E /* Build configuration list for PBXNativeTarget "UmbraCalcTests" */ = {
			isa = XCConfigurationList;
			buildConfigurations = (
				16B7ACF31BB39066006DFA4E /* Debug */,
				16B7ACF41BB39066006DFA4E /* Release */,
			);
			defaultConfigurationIsVisible = 0;
			defaultConfigurationName = Release;
		};
		16B7ACF51BB39066006DFA4E /* Build configuration list for PBXNativeTarget "UmbraCalcUITests" */ = {
			isa = XCConfigurationList;
			buildConfigurations = (
				16B7ACF61BB39066006DFA4E /* Debug */,
				16B7ACF71BB39066006DFA4E /* Release */,
			);
			defaultConfigurationIsVisible = 0;
			defaultConfigurationName = Release;
		};
/* End XCConfigurationList section */

/* Begin XCVersionGroup section */
		16B7ACC71BB39066006DFA4E /* UmbraCalc.xcdatamodeld */ = {
			isa = XCVersionGroup;
			children = (
				16B7ACC81BB39066006DFA4E /* UmbraCalc.xcdatamodel */,
			);
			currentVersion = 16B7ACC81BB39066006DFA4E /* UmbraCalc.xcdatamodel */;
			path = UmbraCalc.xcdatamodeld;
			sourceTree = "<group>";
			versionGroupType = wrapper.xcdatamodel;
		};
/* End XCVersionGroup section */
	};
	rootObject = 16B7ACBA1BB39066006DFA4E /* Project object */;
}
